# This file is generated by running "yarn install" inside your project.
# Manual changes might be lost - proceed with caution!

__metadata:
  version: 8
  cacheKey: 10c0

"@types/luxon@npm:^2.3.2":
  version: 2.4.0
  resolution: "@types/luxon@npm:2.4.0"
  checksum: 10c0/2686d03827a3799f0374923323148f4d0d07f9e4321551389b2ae285e5085e178cfe908806041ab32bf66534497702b4ae8459d1b4190258af133818d4b846c9
  languageName: node
  linkType: hard

"dexie@npm:^3.2.2":
  version: 3.2.7
  resolution: "dexie@npm:3.2.7"
  checksum: 10c0/5d7dad9deb3a24b676f8c630a2517ec0e243906fbcbd3cc7946798ee4ff05766eae7b6dd29deb0f090151552f136ac70a2c0bf0a8a8dbd840e643710efb80347
  languageName: node
  linkType: hard

"luxon@npm:^2.4.0":
  version: 2.5.2
  resolution: "luxon@npm:2.5.2"
  checksum: 10c0/c93b71c4ae74c440982f39832159b9311eca6db1e55d032d30a3f9354e6ceb16d576158c5dc9f847eb15c481557063bd61defdb96ee0953f8df2c57cd91e0b13
  languageName: node
  linkType: hard

"rpx-xui-translation@workspace:.":
  version: 0.0.0-use.local
  resolution: "rpx-xui-translation@workspace:."
  dependencies:
    "@types/luxon": "npm:^2.3.2"
    dexie: "npm:^3.2.2"
    luxon: "npm:^2.4.0"
    tslib: "npm:^2.0.0"
  peerDependencies:
    "@angular/common": ^20.3.1
    "@angular/core": ^20.3.1
  languageName: unknown
  linkType: soft

"tslib@npm:^2.0.0":
  version: 2.8.1
  resolution: "tslib@npm:2.8.1"
  checksum: 10c0/9c4759110a19c53f992d9aae23aac5ced636e99887b51b9e61def52611732872ff7668757d4e4c61f19691e36f4da981cd9485e869b4a7408d689f6bf1f14e62
  languageName: node
  linkType: hard
