# This file is generated by running "yarn install" inside your project.
# Manual changes might be lost - proceed with caution!

__metadata:
  version: 8
  cacheKey: 10c0

"@types/luxon@npm:^2.3.2":
  version: 2.3.2
  resolution: "@types/luxon@npm:2.3.2"
  checksum: 10c0/a099fb5b0d3a0c1682756400bed1edd451f2feb221c8eed3e95ef7d344550a1d38d3acbb037f177adcaa8abf93fb00a448e4e751685496b6a8c279592cc48425
  languageName: node
  linkType: hard

"dexie@npm:^3.2.2":
  version: 3.2.2
  resolution: "dexie@npm:3.2.2"
  checksum: 10c0/9e3ceba6c09a4cacb9b8d706dce13068848a3c157b9dc3a22bafe4e80ebba3ba96e10f34578e525333a13d94a59b4f17bc7a1e33b0922f4fbd7f67751f93dcff
  languageName: node
  linkType: hard

"luxon@npm:^2.4.0":
  version: 2.4.0
  resolution: "luxon@npm:2.4.0"
  checksum: 10c0/6e753c6eb07b3b2c78e06dd0c365c0b8e9050e9110c48c8dbc7ca7f5230d3da15f09769afccbfdbdc731db92d0bae3b3774e215cbefdf625551005d8e490e866
  languageName: node
  linkType: hard

"rpx-xui-translation@workspace:.":
  version: 0.0.0-use.local
  resolution: "rpx-xui-translation@workspace:."
  dependencies:
    "@types/luxon": "npm:^2.3.2"
    dexie: "npm:^3.2.2"
    luxon: "npm:^2.4.0"
    tslib: "npm:^2.0.0"
  peerDependencies:
    "@angular/common": ^18.2.13
    "@angular/core": ^18.2.13
  languageName: unknown
  linkType: soft

"tslib@npm:^2.0.0":
  version: 2.8.1
  resolution: "tslib@npm:2.8.1"
  checksum: 10c0/9c4759110a19c53f992d9aae23aac5ced636e99887b51b9e61def52611732872ff7668757d4e4c61f19691e36f4da981cd9485e869b4a7408d689f6bf1f14e62
  languageName: node
  linkType: hard
